// !$*UTF8*$!
{
	archiveVersion = 1;
	classes = {
	};
	objectVersion = 46;
	objects = {

/* Begin PBXBuildFile section */
		43ABC3BF1C92C03500FC2AE7 /* WaniKit.framework in Frameworks */ = {isa = PBXBuildFile; fileRef = 43ABC3B41C92C03500FC2AE7 /* WaniKit.framework */; };
		43DAE2751C9592D800F090C4 /* WaniKit.framework in Frameworks */ = {isa = PBXBuildFile; fileRef = 43DAE26B1C9592D800F090C4 /* WaniKit.framework */; };
		43DAE3D21C95AC1700F090C4 /* MutuallyExclusive.swift in Sources */ = {isa = PBXBuildFile; fileRef = 43DAE38A1C95AC1700F090C4 /* MutuallyExclusive.swift */; };
		43DAE3D31C95AC1700F090C4 /* MutuallyExclusive.swift in Sources */ = {isa = PBXBuildFile; fileRef = 43DAE38A1C95AC1700F090C4 /* MutuallyExclusive.swift */; };
		43DAE3D41C95AC1700F090C4 /* NegatedCondition.swift in Sources */ = {isa = PBXBuildFile; fileRef = 43DAE38B1C95AC1700F090C4 /* NegatedCondition.swift */; };
		43DAE3D51C95AC1700F090C4 /* NegatedCondition.swift in Sources */ = {isa = PBXBuildFile; fileRef = 43DAE38B1C95AC1700F090C4 /* NegatedCondition.swift */; };
		43DAE3D61C95AC1700F090C4 /* NoCancelledDependencies.swift in Sources */ = {isa = PBXBuildFile; fileRef = 43DAE38C1C95AC1700F090C4 /* NoCancelledDependencies.swift */; };
		43DAE3D71C95AC1700F090C4 /* NoCancelledDependencies.swift in Sources */ = {isa = PBXBuildFile; fileRef = 43DAE38C1C95AC1700F090C4 /* NoCancelledDependencies.swift */; };
		43DAE3D81C95AC1700F090C4 /* Operation.swift in Sources */ = {isa = PBXBuildFile; fileRef = 43DAE38D1C95AC1700F090C4 /* Operation.swift */; };
		43DAE3D91C95AC1700F090C4 /* Operation.swift in Sources */ = {isa = PBXBuildFile; fileRef = 43DAE38D1C95AC1700F090C4 /* Operation.swift */; };
		43DAE3DA1C95AC1700F090C4 /* OperationCondition.swift in Sources */ = {isa = PBXBuildFile; fileRef = 43DAE38E1C95AC1700F090C4 /* OperationCondition.swift */; };
		43DAE3DB1C95AC1700F090C4 /* OperationCondition.swift in Sources */ = {isa = PBXBuildFile; fileRef = 43DAE38E1C95AC1700F090C4 /* OperationCondition.swift */; };
		43DAE3DC1C95AC1700F090C4 /* OperationErrors.swift in Sources */ = {isa = PBXBuildFile; fileRef = 43DAE38F1C95AC1700F090C4 /* OperationErrors.swift */; };
		43DAE3DD1C95AC1700F090C4 /* OperationErrors.swift in Sources */ = {isa = PBXBuildFile; fileRef = 43DAE38F1C95AC1700F090C4 /* OperationErrors.swift */; };
		43DAE3DE1C95AC1700F090C4 /* ReachabilityCondition.swift in Sources */ = {isa = PBXBuildFile; fileRef = 43DAE3901C95AC1700F090C4 /* ReachabilityCondition.swift */; };
		43DAE3DF1C95AC1700F090C4 /* ReachabilityCondition.swift in Sources */ = {isa = PBXBuildFile; fileRef = 43DAE3901C95AC1700F090C4 /* ReachabilityCondition.swift */; };
		43DAE3E01C95AC1700F090C4 /* RemoteNotificationCondition.swift in Sources */ = {isa = PBXBuildFile; fileRef = 43DAE3911C95AC1700F090C4 /* RemoteNotificationCondition.swift */; };
		43DAE3E11C95AC1700F090C4 /* RemoteNotificationCondition.swift in Sources */ = {isa = PBXBuildFile; fileRef = 43DAE3911C95AC1700F090C4 /* RemoteNotificationCondition.swift */; };
		43DAE3E21C95AC1700F090C4 /* SilentCondition.swift in Sources */ = {isa = PBXBuildFile; fileRef = 43DAE3921C95AC1700F090C4 /* SilentCondition.swift */; };
		43DAE3E31C95AC1700F090C4 /* SilentCondition.swift in Sources */ = {isa = PBXBuildFile; fileRef = 43DAE3921C95AC1700F090C4 /* SilentCondition.swift */; };
		43DAE3E41C95AC1700F090C4 /* UserNotificationCondition.swift in Sources */ = {isa = PBXBuildFile; fileRef = 43DAE3931C95AC1700F090C4 /* UserNotificationCondition.swift */; };
		43DAE3E51C95AC1700F090C4 /* UserNotificationCondition.swift in Sources */ = {isa = PBXBuildFile; fileRef = 43DAE3931C95AC1700F090C4 /* UserNotificationCondition.swift */; };
		43DAE3E61C95AC1700F090C4 /* Dictionary+Operations.swift in Sources */ = {isa = PBXBuildFile; fileRef = 43DAE3951C95AC1700F090C4 /* Dictionary+Operations.swift */; };
		43DAE3E71C95AC1700F090C4 /* Dictionary+Operations.swift in Sources */ = {isa = PBXBuildFile; fileRef = 43DAE3951C95AC1700F090C4 /* Dictionary+Operations.swift */; };
		43DAE3E81C95AC1700F090C4 /* NSLock+Operations.swift in Sources */ = {isa = PBXBuildFile; fileRef = 43DAE3961C95AC1700F090C4 /* NSLock+Operations.swift */; };
		43DAE3E91C95AC1700F090C4 /* NSLock+Operations.swift in Sources */ = {isa = PBXBuildFile; fileRef = 43DAE3961C95AC1700F090C4 /* NSLock+Operations.swift */; };
		43DAE3EA1C95AC1700F090C4 /* NSOperation+Operations.swift in Sources */ = {isa = PBXBuildFile; fileRef = 43DAE3971C95AC1700F090C4 /* NSOperation+Operations.swift */; };
		43DAE3EB1C95AC1700F090C4 /* NSOperation+Operations.swift in Sources */ = {isa = PBXBuildFile; fileRef = 43DAE3971C95AC1700F090C4 /* NSOperation+Operations.swift */; };
		43DAE3EC1C95AC1700F090C4 /* UIUserNotifications+Operations.swift in Sources */ = {isa = PBXBuildFile; fileRef = 43DAE3981C95AC1700F090C4 /* UIUserNotifications+Operations.swift */; };
		43DAE3EE1C95AC1700F090C4 /* NetworkObserver.swift in Sources */ = {isa = PBXBuildFile; fileRef = 43DAE3991C95AC1700F090C4 /* NetworkObserver.swift */; };
		43DAE3EF1C95AC1700F090C4 /* NetworkObserver.swift in Sources */ = {isa = PBXBuildFile; fileRef = 43DAE3991C95AC1700F090C4 /* NetworkObserver.swift */; };
		43DAE3F01C95AC1700F090C4 /* BlockObserver.swift in Sources */ = {isa = PBXBuildFile; fileRef = 43DAE39B1C95AC1700F090C4 /* BlockObserver.swift */; };
		43DAE3F11C95AC1700F090C4 /* BlockObserver.swift in Sources */ = {isa = PBXBuildFile; fileRef = 43DAE39B1C95AC1700F090C4 /* BlockObserver.swift */; };
		43DAE3F21C95AC1700F090C4 /* OperationObserver.swift in Sources */ = {isa = PBXBuildFile; fileRef = 43DAE39C1C95AC1700F090C4 /* OperationObserver.swift */; };
		43DAE3F31C95AC1700F090C4 /* OperationObserver.swift in Sources */ = {isa = PBXBuildFile; fileRef = 43DAE39C1C95AC1700F090C4 /* OperationObserver.swift */; };
		43DAE3F41C95AC1700F090C4 /* TimeoutObserver.swift in Sources */ = {isa = PBXBuildFile; fileRef = 43DAE39D1C95AC1700F090C4 /* TimeoutObserver.swift */; };
		43DAE3F51C95AC1700F090C4 /* TimeoutObserver.swift in Sources */ = {isa = PBXBuildFile; fileRef = 43DAE39D1C95AC1700F090C4 /* TimeoutObserver.swift */; };
		43DAE3F61C95AC1700F090C4 /* BlockOperation.swift in Sources */ = {isa = PBXBuildFile; fileRef = 43DAE39F1C95AC1700F090C4 /* BlockOperation.swift */; };
		43DAE3F71C95AC1700F090C4 /* BlockOperation.swift in Sources */ = {isa = PBXBuildFile; fileRef = 43DAE39F1C95AC1700F090C4 /* BlockOperation.swift */; };
		43DAE3F81C95AC1700F090C4 /* DelayOperation.swift in Sources */ = {isa = PBXBuildFile; fileRef = 43DAE3A01C95AC1700F090C4 /* DelayOperation.swift */; };
		43DAE3F91C95AC1700F090C4 /* DelayOperation.swift in Sources */ = {isa = PBXBuildFile; fileRef = 43DAE3A01C95AC1700F090C4 /* DelayOperation.swift */; };
		43DAE3FA1C95AC1700F090C4 /* GroupOperation.swift in Sources */ = {isa = PBXBuildFile; fileRef = 43DAE3A11C95AC1700F090C4 /* GroupOperation.swift */; };
		43DAE3FB1C95AC1700F090C4 /* GroupOperation.swift in Sources */ = {isa = PBXBuildFile; fileRef = 43DAE3A11C95AC1700F090C4 /* GroupOperation.swift */; };
		43DAE3FC1C95AC1700F090C4 /* URLSessionTaskOperation.swift in Sources */ = {isa = PBXBuildFile; fileRef = 43DAE3A21C95AC1700F090C4 /* URLSessionTaskOperation.swift */; };
		43DAE3FD1C95AC1700F090C4 /* URLSessionTaskOperation.swift in Sources */ = {isa = PBXBuildFile; fileRef = 43DAE3A21C95AC1700F090C4 /* URLSessionTaskOperation.swift */; };
		43DAE3FE1C95AC1700F090C4 /* ExclusivityController.swift in Sources */ = {isa = PBXBuildFile; fileRef = 43DAE3A41C95AC1700F090C4 /* ExclusivityController.swift */; };
		43DAE3FF1C95AC1700F090C4 /* ExclusivityController.swift in Sources */ = {isa = PBXBuildFile; fileRef = 43DAE3A41C95AC1700F090C4 /* ExclusivityController.swift */; };
		43DAE4001C95AC1700F090C4 /* OperationQueue.swift in Sources */ = {isa = PBXBuildFile; fileRef = 43DAE3A51C95AC1700F090C4 /* OperationQueue.swift */; };
		43DAE4011C95AC1700F090C4 /* OperationQueue.swift in Sources */ = {isa = PBXBuildFile; fileRef = 43DAE3A51C95AC1700F090C4 /* OperationQueue.swift */; };
		43DAE4041C95AC1700F090C4 /* CriticalItems.swift in Sources */ = {isa = PBXBuildFile; fileRef = 43DAE3A81C95AC1700F090C4 /* CriticalItems.swift */; };
		43DAE4051C95AC1700F090C4 /* CriticalItems.swift in Sources */ = {isa = PBXBuildFile; fileRef = 43DAE3A81C95AC1700F090C4 /* CriticalItems.swift */; };
		43DAE4061C95AC1700F090C4 /* KanjiInfo.swift in Sources */ = {isa = PBXBuildFile; fileRef = 43DAE3A91C95AC1700F090C4 /* KanjiInfo.swift */; };
		43DAE4071C95AC1700F090C4 /* KanjiInfo.swift in Sources */ = {isa = PBXBuildFile; fileRef = 43DAE3A91C95AC1700F090C4 /* KanjiInfo.swift */; };
		43DAE4081C95AC1700F090C4 /* LevelProgressionInfo.swift in Sources */ = {isa = PBXBuildFile; fileRef = 43DAE3AA1C95AC1700F090C4 /* LevelProgressionInfo.swift */; };
		43DAE4091C95AC1700F090C4 /* LevelProgressionInfo.swift in Sources */ = {isa = PBXBuildFile; fileRef = 43DAE3AA1C95AC1700F090C4 /* LevelProgressionInfo.swift */; };
		43DAE40A1C95AC1700F090C4 /* RadicalInfo.swift in Sources */ = {isa = PBXBuildFile; fileRef = 43DAE3AB1C95AC1700F090C4 /* RadicalInfo.swift */; };
		43DAE40B1C95AC1700F090C4 /* RadicalInfo.swift in Sources */ = {isa = PBXBuildFile; fileRef = 43DAE3AB1C95AC1700F090C4 /* RadicalInfo.swift */; };
		43DAE40C1C95AC1700F090C4 /* StudyQueueInfo.swift in Sources */ = {isa = PBXBuildFile; fileRef = 43DAE3AC1C95AC1700F090C4 /* StudyQueueInfo.swift */; };
		43DAE40D1C95AC1700F090C4 /* StudyQueueInfo.swift in Sources */ = {isa = PBXBuildFile; fileRef = 43DAE3AC1C95AC1700F090C4 /* StudyQueueInfo.swift */; };
		43DAE40E1C95AC1700F090C4 /* UserInfo.swift in Sources */ = {isa = PBXBuildFile; fileRef = 43DAE3AD1C95AC1700F090C4 /* UserInfo.swift */; };
		43DAE40F1C95AC1700F090C4 /* UserInfo.swift in Sources */ = {isa = PBXBuildFile; fileRef = 43DAE3AD1C95AC1700F090C4 /* UserInfo.swift */; };
		43DAE4101C95AC1700F090C4 /* WordlInfo.swift in Sources */ = {isa = PBXBuildFile; fileRef = 43DAE3AE1C95AC1700F090C4 /* WordlInfo.swift */; };
		43DAE4111C95AC1700F090C4 /* WordlInfo.swift in Sources */ = {isa = PBXBuildFile; fileRef = 43DAE3AE1C95AC1700F090C4 /* WordlInfo.swift */; };
		43DAE4121C95AC1700F090C4 /* DictionaryConvertable.swift in Sources */ = {isa = PBXBuildFile; fileRef = 43DAE3B01C95AC1700F090C4 /* DictionaryConvertable.swift */; };
		43DAE4131C95AC1700F090C4 /* DictionaryConvertable.swift in Sources */ = {isa = PBXBuildFile; fileRef = 43DAE3B01C95AC1700F090C4 /* DictionaryConvertable.swift */; };
		43DAE4141C95AC1700F090C4 /* WaniAPIManager.swift in Sources */ = {isa = PBXBuildFile; fileRef = 43DAE3B11C95AC1700F090C4 /* WaniAPIManager.swift */; };
		43DAE4151C95AC1700F090C4 /* WaniAPIManager.swift in Sources */ = {isa = PBXBuildFile; fileRef = 43DAE3B11C95AC1700F090C4 /* WaniAPIManager.swift */; };
		43DAE4161C95AC1700F090C4 /* DownloadCriticalItemsOperation.swift in Sources */ = {isa = PBXBuildFile; fileRef = 43DAE3B41C95AC1700F090C4 /* DownloadCriticalItemsOperation.swift */; };
		43DAE4171C95AC1700F090C4 /* DownloadCriticalItemsOperation.swift in Sources */ = {isa = PBXBuildFile; fileRef = 43DAE3B41C95AC1700F090C4 /* DownloadCriticalItemsOperation.swift */; };
		43DAE4181C95AC1700F090C4 /* GetCriticalItemsOperation.swift in Sources */ = {isa = PBXBuildFile; fileRef = 43DAE3B51C95AC1700F090C4 /* GetCriticalItemsOperation.swift */; };
		43DAE4191C95AC1700F090C4 /* GetCriticalItemsOperation.swift in Sources */ = {isa = PBXBuildFile; fileRef = 43DAE3B51C95AC1700F090C4 /* GetCriticalItemsOperation.swift */; };
		43DAE41A1C95AC1700F090C4 /* ParseCriticalItemsOperation.swift in Sources */ = {isa = PBXBuildFile; fileRef = 43DAE3B61C95AC1700F090C4 /* ParseCriticalItemsOperation.swift */; };
		43DAE41B1C95AC1700F090C4 /* ParseCriticalItemsOperation.swift in Sources */ = {isa = PBXBuildFile; fileRef = 43DAE3B61C95AC1700F090C4 /* ParseCriticalItemsOperation.swift */; };
		43DAE41C1C95AC1700F090C4 /* DownloadOperation.swift in Sources */ = {isa = PBXBuildFile; fileRef = 43DAE3B71C95AC1700F090C4 /* DownloadOperation.swift */; };
		43DAE41D1C95AC1700F090C4 /* DownloadOperation.swift in Sources */ = {isa = PBXBuildFile; fileRef = 43DAE3B71C95AC1700F090C4 /* DownloadOperation.swift */; };
		43DAE41E1C95AC1700F090C4 /* DownloadKanjiListOperation.swift in Sources */ = {isa = PBXBuildFile; fileRef = 43DAE3B91C95AC1700F090C4 /* DownloadKanjiListOperation.swift */; };
		43DAE41F1C95AC1700F090C4 /* DownloadKanjiListOperation.swift in Sources */ = {isa = PBXBuildFile; fileRef = 43DAE3B91C95AC1700F090C4 /* DownloadKanjiListOperation.swift */; };
		43DAE4201C95AC1700F090C4 /* GetKanjiListOperation.swift in Sources */ = {isa = PBXBuildFile; fileRef = 43DAE3BA1C95AC1700F090C4 /* GetKanjiListOperation.swift */; };
		43DAE4211C95AC1700F090C4 /* GetKanjiListOperation.swift in Sources */ = {isa = PBXBuildFile; fileRef = 43DAE3BA1C95AC1700F090C4 /* GetKanjiListOperation.swift */; };
		43DAE4221C95AC1700F090C4 /* ParseKanjiListOperation.swift in Sources */ = {isa = PBXBuildFile; fileRef = 43DAE3BB1C95AC1700F090C4 /* ParseKanjiListOperation.swift */; };
		43DAE4231C95AC1700F090C4 /* ParseKanjiListOperation.swift in Sources */ = {isa = PBXBuildFile; fileRef = 43DAE3BB1C95AC1700F090C4 /* ParseKanjiListOperation.swift */; };
		43DAE4241C95AC1700F090C4 /* DownloadLevelProgressionOperation.swift in Sources */ = {isa = PBXBuildFile; fileRef = 43DAE3BD1C95AC1700F090C4 /* DownloadLevelProgressionOperation.swift */; };
		43DAE4251C95AC1700F090C4 /* DownloadLevelProgressionOperation.swift in Sources */ = {isa = PBXBuildFile; fileRef = 43DAE3BD1C95AC1700F090C4 /* DownloadLevelProgressionOperation.swift */; };
		43DAE4261C95AC1700F090C4 /* GetLevelProgressionOperation.swift in Sources */ = {isa = PBXBuildFile; fileRef = 43DAE3BE1C95AC1700F090C4 /* GetLevelProgressionOperation.swift */; };
		43DAE4271C95AC1700F090C4 /* GetLevelProgressionOperation.swift in Sources */ = {isa = PBXBuildFile; fileRef = 43DAE3BE1C95AC1700F090C4 /* GetLevelProgressionOperation.swift */; };
		43DAE4281C95AC1700F090C4 /* ParseLevelProgressionOperation.swift in Sources */ = {isa = PBXBuildFile; fileRef = 43DAE3BF1C95AC1700F090C4 /* ParseLevelProgressionOperation.swift */; };
		43DAE4291C95AC1700F090C4 /* ParseLevelProgressionOperation.swift in Sources */ = {isa = PBXBuildFile; fileRef = 43DAE3BF1C95AC1700F090C4 /* ParseLevelProgressionOperation.swift */; };
		43DAE42A1C95AC1700F090C4 /* ParseOpertion.swift in Sources */ = {isa = PBXBuildFile; fileRef = 43DAE3C01C95AC1700F090C4 /* ParseOpertion.swift */; };
		43DAE42B1C95AC1700F090C4 /* ParseOpertion.swift in Sources */ = {isa = PBXBuildFile; fileRef = 43DAE3C01C95AC1700F090C4 /* ParseOpertion.swift */; };
		43DAE42C1C95AC1700F090C4 /* DownloadRadicalsListOperation.swift in Sources */ = {isa = PBXBuildFile; fileRef = 43DAE3C21C95AC1700F090C4 /* DownloadRadicalsListOperation.swift */; };
		43DAE42D1C95AC1700F090C4 /* DownloadRadicalsListOperation.swift in Sources */ = {isa = PBXBuildFile; fileRef = 43DAE3C21C95AC1700F090C4 /* DownloadRadicalsListOperation.swift */; };
		43DAE42E1C95AC1700F090C4 /* GetRadicalsListOperation.swift in Sources */ = {isa = PBXBuildFile; fileRef = 43DAE3C31C95AC1700F090C4 /* GetRadicalsListOperation.swift */; };
		43DAE42F1C95AC1700F090C4 /* GetRadicalsListOperation.swift in Sources */ = {isa = PBXBuildFile; fileRef = 43DAE3C31C95AC1700F090C4 /* GetRadicalsListOperation.swift */; };
		43DAE4301C95AC1700F090C4 /* ParseRadicalsListOperation.swift in Sources */ = {isa = PBXBuildFile; fileRef = 43DAE3C41C95AC1700F090C4 /* ParseRadicalsListOperation.swift */; };
		43DAE4311C95AC1700F090C4 /* ParseRadicalsListOperation.swift in Sources */ = {isa = PBXBuildFile; fileRef = 43DAE3C41C95AC1700F090C4 /* ParseRadicalsListOperation.swift */; };
		43DAE4321C95AC1700F090C4 /* DownloadStudyQueueOperation.swift in Sources */ = {isa = PBXBuildFile; fileRef = 43DAE3C61C95AC1700F090C4 /* DownloadStudyQueueOperation.swift */; };
		43DAE4331C95AC1700F090C4 /* DownloadStudyQueueOperation.swift in Sources */ = {isa = PBXBuildFile; fileRef = 43DAE3C61C95AC1700F090C4 /* DownloadStudyQueueOperation.swift */; };
		43DAE4341C95AC1700F090C4 /* GetStudyQueueOperation.swift in Sources */ = {isa = PBXBuildFile; fileRef = 43DAE3C71C95AC1700F090C4 /* GetStudyQueueOperation.swift */; };
		43DAE4351C95AC1700F090C4 /* GetStudyQueueOperation.swift in Sources */ = {isa = PBXBuildFile; fileRef = 43DAE3C71C95AC1700F090C4 /* GetStudyQueueOperation.swift */; };
		43DAE4361C95AC1700F090C4 /* ParseStudyQueueOperation.swift in Sources */ = {isa = PBXBuildFile; fileRef = 43DAE3C81C95AC1700F090C4 /* ParseStudyQueueOperation.swift */; };
		43DAE4371C95AC1700F090C4 /* ParseStudyQueueOperation.swift in Sources */ = {isa = PBXBuildFile; fileRef = 43DAE3C81C95AC1700F090C4 /* ParseStudyQueueOperation.swift */; };
		43DAE4381C95AC1700F090C4 /* DownloadUserInfoOperation.swift in Sources */ = {isa = PBXBuildFile; fileRef = 43DAE3CA1C95AC1700F090C4 /* DownloadUserInfoOperation.swift */; };
		43DAE4391C95AC1700F090C4 /* DownloadUserInfoOperation.swift in Sources */ = {isa = PBXBuildFile; fileRef = 43DAE3CA1C95AC1700F090C4 /* DownloadUserInfoOperation.swift */; };
		43DAE43A1C95AC1700F090C4 /* GetUserInfoOperation.swift in Sources */ = {isa = PBXBuildFile; fileRef = 43DAE3CB1C95AC1700F090C4 /* GetUserInfoOperation.swift */; };
		43DAE43B1C95AC1700F090C4 /* GetUserInfoOperation.swift in Sources */ = {isa = PBXBuildFile; fileRef = 43DAE3CB1C95AC1700F090C4 /* GetUserInfoOperation.swift */; };
		43DAE43C1C95AC1700F090C4 /* ParseUserInfoOperation.swift in Sources */ = {isa = PBXBuildFile; fileRef = 43DAE3CC1C95AC1700F090C4 /* ParseUserInfoOperation.swift */; };
		43DAE43D1C95AC1700F090C4 /* ParseUserInfoOperation.swift in Sources */ = {isa = PBXBuildFile; fileRef = 43DAE3CC1C95AC1700F090C4 /* ParseUserInfoOperation.swift */; };
		43DAE43E1C95AC1700F090C4 /* DownloadVocabListOperation.swift in Sources */ = {isa = PBXBuildFile; fileRef = 43DAE3CE1C95AC1700F090C4 /* DownloadVocabListOperation.swift */; };
		43DAE43F1C95AC1700F090C4 /* DownloadVocabListOperation.swift in Sources */ = {isa = PBXBuildFile; fileRef = 43DAE3CE1C95AC1700F090C4 /* DownloadVocabListOperation.swift */; };
		43DAE4401C95AC1700F090C4 /* GetVocabListOperation.swift in Sources */ = {isa = PBXBuildFile; fileRef = 43DAE3CF1C95AC1700F090C4 /* GetVocabListOperation.swift */; };
		43DAE4411C95AC1700F090C4 /* GetVocabListOperation.swift in Sources */ = {isa = PBXBuildFile; fileRef = 43DAE3CF1C95AC1700F090C4 /* GetVocabListOperation.swift */; };
		43DAE4421C95AC1700F090C4 /* ParseVocabListOperation.swift in Sources */ = {isa = PBXBuildFile; fileRef = 43DAE3D01C95AC1700F090C4 /* ParseVocabListOperation.swift */; };
		43DAE4431C95AC1700F090C4 /* ParseVocabListOperation.swift in Sources */ = {isa = PBXBuildFile; fileRef = 43DAE3D01C95AC1700F090C4 /* ParseVocabListOperation.swift */; };
		43DAE4441C95AC1700F090C4 /* WaniKit.h in Headers */ = {isa = PBXBuildFile; fileRef = 43DAE3D11C95AC1700F090C4 /* WaniKit.h */; settings = {ATTRIBUTES = (Public, ); }; };
		43DAE4451C95AC1700F090C4 /* WaniKit.h in Headers */ = {isa = PBXBuildFile; fileRef = 43DAE3D11C95AC1700F090C4 /* WaniKit.h */; settings = {ATTRIBUTES = (Public, ); }; };
		43DAE4461C95AD9900F090C4 /* UIUserNotifications+Operations.swift in Sources */ = {isa = PBXBuildFile; fileRef = 43DAE3981C95AC1700F090C4 /* UIUserNotifications+Operations.swift */; };
		43DAE44F1C95AEC900F090C4 /* EndpointZeroTests.swift in Sources */ = {isa = PBXBuildFile; fileRef = 43DAE4491C95AEBD00F090C4 /* EndpointZeroTests.swift */; };
		43DAE4501C95AEC900F090C4 /* TestsRelated.swift in Sources */ = {isa = PBXBuildFile; fileRef = 43DAE44A1C95AEBD00F090C4 /* TestsRelated.swift */; };
		43DAE4511C95AEC900F090C4 /* EndpointZeroTests.swift in Sources */ = {isa = PBXBuildFile; fileRef = 43DAE4491C95AEBD00F090C4 /* EndpointZeroTests.swift */; };
		43DAE4521C95AEC900F090C4 /* TestsRelated.swift in Sources */ = {isa = PBXBuildFile; fileRef = 43DAE44A1C95AEBD00F090C4 /* TestsRelated.swift */; };
/* End PBXBuildFile section */

/* Begin PBXContainerItemProxy section */
		43ABC3C01C92C03500FC2AE7 /* PBXContainerItemProxy */ = {
			isa = PBXContainerItemProxy;
			containerPortal = 43ABC3AB1C92C03400FC2AE7 /* Project object */;
			proxyType = 1;
			remoteGlobalIDString = 43ABC3B31C92C03400FC2AE7;
			remoteInfo = WaniKit;
		};
		43DAE2761C9592D800F090C4 /* PBXContainerItemProxy */ = {
			isa = PBXContainerItemProxy;
			containerPortal = 43ABC3AB1C92C03400FC2AE7 /* Project object */;
			proxyType = 1;
			remoteGlobalIDString = 43DAE26A1C9592D800F090C4;
			remoteInfo = "WaniKit-OSX";
		};
/* End PBXContainerItemProxy section */

/* Begin PBXCopyFilesBuildPhase section */
		4315943B1C92DD2A00EDA489 /* CopyFiles */ = {
			isa = PBXCopyFilesBuildPhase;
			buildActionMask = 2147483647;
			dstPath = "";
			dstSubfolderSpec = 10;
			files = (
			);
			runOnlyForDeploymentPostprocessing = 0;
		};
/* End PBXCopyFilesBuildPhase section */

/* Begin PBXFileReference section */
		43ABC3B41C92C03500FC2AE7 /* WaniKit.framework */ = {isa = PBXFileReference; explicitFileType = wrapper.framework; includeInIndex = 0; path = WaniKit.framework; sourceTree = BUILT_PRODUCTS_DIR; };
		43ABC3BE1C92C03500FC2AE7 /* WaniKitTests.xctest */ = {isa = PBXFileReference; explicitFileType = wrapper.cfbundle; includeInIndex = 0; path = WaniKitTests.xctest; sourceTree = BUILT_PRODUCTS_DIR; };
		43ABC3C51C92C03500FC2AE7 /* Info.plist */ = {isa = PBXFileReference; lastKnownFileType = text.plist.xml; path = Info.plist; sourceTree = "<group>"; };
		43DAE26B1C9592D800F090C4 /* WaniKit.framework */ = {isa = PBXFileReference; explicitFileType = wrapper.framework; includeInIndex = 0; path = WaniKit.framework; sourceTree = BUILT_PRODUCTS_DIR; };
		43DAE26F1C9592D800F090C4 /* Info.plist */ = {isa = PBXFileReference; lastKnownFileType = text.plist.xml; path = Info.plist; sourceTree = "<group>"; };
		43DAE2741C9592D800F090C4 /* WaniKitOSXTests.xctest */ = {isa = PBXFileReference; explicitFileType = wrapper.cfbundle; includeInIndex = 0; path = WaniKitOSXTests.xctest; sourceTree = BUILT_PRODUCTS_DIR; };
		43DAE27B1C9592D800F090C4 /* Info.plist */ = {isa = PBXFileReference; lastKnownFileType = text.plist.xml; path = Info.plist; sourceTree = "<group>"; };
		43DAE38A1C95AC1700F090C4 /* MutuallyExclusive.swift */ = {isa = PBXFileReference; fileEncoding = 4; lastKnownFileType = sourcecode.swift; path = MutuallyExclusive.swift; sourceTree = "<group>"; };
		43DAE38B1C95AC1700F090C4 /* NegatedCondition.swift */ = {isa = PBXFileReference; fileEncoding = 4; lastKnownFileType = sourcecode.swift; path = NegatedCondition.swift; sourceTree = "<group>"; };
		43DAE38C1C95AC1700F090C4 /* NoCancelledDependencies.swift */ = {isa = PBXFileReference; fileEncoding = 4; lastKnownFileType = sourcecode.swift; path = NoCancelledDependencies.swift; sourceTree = "<group>"; };
		43DAE38D1C95AC1700F090C4 /* Operation.swift */ = {isa = PBXFileReference; fileEncoding = 4; lastKnownFileType = sourcecode.swift; path = Operation.swift; sourceTree = "<group>"; };
		43DAE38E1C95AC1700F090C4 /* OperationCondition.swift */ = {isa = PBXFileReference; fileEncoding = 4; lastKnownFileType = sourcecode.swift; path = OperationCondition.swift; sourceTree = "<group>"; };
		43DAE38F1C95AC1700F090C4 /* OperationErrors.swift */ = {isa = PBXFileReference; fileEncoding = 4; lastKnownFileType = sourcecode.swift; path = OperationErrors.swift; sourceTree = "<group>"; };
		43DAE3901C95AC1700F090C4 /* ReachabilityCondition.swift */ = {isa = PBXFileReference; fileEncoding = 4; lastKnownFileType = sourcecode.swift; path = ReachabilityCondition.swift; sourceTree = "<group>"; };
		43DAE3911C95AC1700F090C4 /* RemoteNotificationCondition.swift */ = {isa = PBXFileReference; fileEncoding = 4; lastKnownFileType = sourcecode.swift; path = RemoteNotificationCondition.swift; sourceTree = "<group>"; };
		43DAE3921C95AC1700F090C4 /* SilentCondition.swift */ = {isa = PBXFileReference; fileEncoding = 4; lastKnownFileType = sourcecode.swift; path = SilentCondition.swift; sourceTree = "<group>"; };
		43DAE3931C95AC1700F090C4 /* UserNotificationCondition.swift */ = {isa = PBXFileReference; fileEncoding = 4; lastKnownFileType = sourcecode.swift; path = UserNotificationCondition.swift; sourceTree = "<group>"; };
		43DAE3951C95AC1700F090C4 /* Dictionary+Operations.swift */ = {isa = PBXFileReference; fileEncoding = 4; lastKnownFileType = sourcecode.swift; path = "Dictionary+Operations.swift"; sourceTree = "<group>"; };
		43DAE3961C95AC1700F090C4 /* NSLock+Operations.swift */ = {isa = PBXFileReference; fileEncoding = 4; lastKnownFileType = sourcecode.swift; path = "NSLock+Operations.swift"; sourceTree = "<group>"; };
		43DAE3971C95AC1700F090C4 /* NSOperation+Operations.swift */ = {isa = PBXFileReference; fileEncoding = 4; lastKnownFileType = sourcecode.swift; path = "NSOperation+Operations.swift"; sourceTree = "<group>"; };
		43DAE3981C95AC1700F090C4 /* UIUserNotifications+Operations.swift */ = {isa = PBXFileReference; fileEncoding = 4; lastKnownFileType = sourcecode.swift; path = "UIUserNotifications+Operations.swift"; sourceTree = "<group>"; };
		43DAE3991C95AC1700F090C4 /* NetworkObserver.swift */ = {isa = PBXFileReference; fileEncoding = 4; lastKnownFileType = sourcecode.swift; path = NetworkObserver.swift; sourceTree = "<group>"; };
		43DAE39B1C95AC1700F090C4 /* BlockObserver.swift */ = {isa = PBXFileReference; fileEncoding = 4; lastKnownFileType = sourcecode.swift; path = BlockObserver.swift; sourceTree = "<group>"; };
		43DAE39C1C95AC1700F090C4 /* OperationObserver.swift */ = {isa = PBXFileReference; fileEncoding = 4; lastKnownFileType = sourcecode.swift; path = OperationObserver.swift; sourceTree = "<group>"; };
		43DAE39D1C95AC1700F090C4 /* TimeoutObserver.swift */ = {isa = PBXFileReference; fileEncoding = 4; lastKnownFileType = sourcecode.swift; path = TimeoutObserver.swift; sourceTree = "<group>"; };
		43DAE39F1C95AC1700F090C4 /* BlockOperation.swift */ = {isa = PBXFileReference; fileEncoding = 4; lastKnownFileType = sourcecode.swift; path = BlockOperation.swift; sourceTree = "<group>"; };
		43DAE3A01C95AC1700F090C4 /* DelayOperation.swift */ = {isa = PBXFileReference; fileEncoding = 4; lastKnownFileType = sourcecode.swift; path = DelayOperation.swift; sourceTree = "<group>"; };
		43DAE3A11C95AC1700F090C4 /* GroupOperation.swift */ = {isa = PBXFileReference; fileEncoding = 4; lastKnownFileType = sourcecode.swift; path = GroupOperation.swift; sourceTree = "<group>"; };
		43DAE3A21C95AC1700F090C4 /* URLSessionTaskOperation.swift */ = {isa = PBXFileReference; fileEncoding = 4; lastKnownFileType = sourcecode.swift; path = URLSessionTaskOperation.swift; sourceTree = "<group>"; };
		43DAE3A41C95AC1700F090C4 /* ExclusivityController.swift */ = {isa = PBXFileReference; fileEncoding = 4; lastKnownFileType = sourcecode.swift; path = ExclusivityController.swift; sourceTree = "<group>"; };
		43DAE3A51C95AC1700F090C4 /* OperationQueue.swift */ = {isa = PBXFileReference; fileEncoding = 4; lastKnownFileType = sourcecode.swift; path = OperationQueue.swift; sourceTree = "<group>"; };
		43DAE3A61C95AC1700F090C4 /* Info.plist */ = {isa = PBXFileReference; fileEncoding = 4; lastKnownFileType = text.plist.xml; path = Info.plist; sourceTree = "<group>"; };
		43DAE3A81C95AC1700F090C4 /* CriticalItems.swift */ = {isa = PBXFileReference; fileEncoding = 4; lastKnownFileType = sourcecode.swift; path = CriticalItems.swift; sourceTree = "<group>"; };
		43DAE3A91C95AC1700F090C4 /* KanjiInfo.swift */ = {isa = PBXFileReference; fileEncoding = 4; lastKnownFileType = sourcecode.swift; path = KanjiInfo.swift; sourceTree = "<group>"; };
		43DAE3AA1C95AC1700F090C4 /* LevelProgressionInfo.swift */ = {isa = PBXFileReference; fileEncoding = 4; lastKnownFileType = sourcecode.swift; path = LevelProgressionInfo.swift; sourceTree = "<group>"; };
		43DAE3AB1C95AC1700F090C4 /* RadicalInfo.swift */ = {isa = PBXFileReference; fileEncoding = 4; lastKnownFileType = sourcecode.swift; path = RadicalInfo.swift; sourceTree = "<group>"; };
		43DAE3AC1C95AC1700F090C4 /* StudyQueueInfo.swift */ = {isa = PBXFileReference; fileEncoding = 4; lastKnownFileType = sourcecode.swift; path = StudyQueueInfo.swift; sourceTree = "<group>"; };
		43DAE3AD1C95AC1700F090C4 /* UserInfo.swift */ = {isa = PBXFileReference; fileEncoding = 4; lastKnownFileType = sourcecode.swift; path = UserInfo.swift; sourceTree = "<group>"; };
		43DAE3AE1C95AC1700F090C4 /* WordlInfo.swift */ = {isa = PBXFileReference; fileEncoding = 4; lastKnownFileType = sourcecode.swift; path = WordlInfo.swift; sourceTree = "<group>"; };
		43DAE3B01C95AC1700F090C4 /* DictionaryConvertable.swift */ = {isa = PBXFileReference; fileEncoding = 4; lastKnownFileType = sourcecode.swift; path = DictionaryConvertable.swift; sourceTree = "<group>"; };
		43DAE3B11C95AC1700F090C4 /* WaniAPIManager.swift */ = {isa = PBXFileReference; fileEncoding = 4; lastKnownFileType = sourcecode.swift; path = WaniAPIManager.swift; sourceTree = "<group>"; };
		43DAE3B41C95AC1700F090C4 /* DownloadCriticalItemsOperation.swift */ = {isa = PBXFileReference; fileEncoding = 4; lastKnownFileType = sourcecode.swift; path = DownloadCriticalItemsOperation.swift; sourceTree = "<group>"; };
		43DAE3B51C95AC1700F090C4 /* GetCriticalItemsOperation.swift */ = {isa = PBXFileReference; fileEncoding = 4; lastKnownFileType = sourcecode.swift; path = GetCriticalItemsOperation.swift; sourceTree = "<group>"; };
		43DAE3B61C95AC1700F090C4 /* ParseCriticalItemsOperation.swift */ = {isa = PBXFileReference; fileEncoding = 4; lastKnownFileType = sourcecode.swift; path = ParseCriticalItemsOperation.swift; sourceTree = "<group>"; };
		43DAE3B71C95AC1700F090C4 /* DownloadOperation.swift */ = {isa = PBXFileReference; fileEncoding = 4; lastKnownFileType = sourcecode.swift; path = DownloadOperation.swift; sourceTree = "<group>"; };
		43DAE3B91C95AC1700F090C4 /* DownloadKanjiListOperation.swift */ = {isa = PBXFileReference; fileEncoding = 4; lastKnownFileType = sourcecode.swift; path = DownloadKanjiListOperation.swift; sourceTree = "<group>"; };
		43DAE3BA1C95AC1700F090C4 /* GetKanjiListOperation.swift */ = {isa = PBXFileReference; fileEncoding = 4; lastKnownFileType = sourcecode.swift; path = GetKanjiListOperation.swift; sourceTree = "<group>"; };
		43DAE3BB1C95AC1700F090C4 /* ParseKanjiListOperation.swift */ = {isa = PBXFileReference; fileEncoding = 4; lastKnownFileType = sourcecode.swift; path = ParseKanjiListOperation.swift; sourceTree = "<group>"; };
		43DAE3BD1C95AC1700F090C4 /* DownloadLevelProgressionOperation.swift */ = {isa = PBXFileReference; fileEncoding = 4; lastKnownFileType = sourcecode.swift; path = DownloadLevelProgressionOperation.swift; sourceTree = "<group>"; };
		43DAE3BE1C95AC1700F090C4 /* GetLevelProgressionOperation.swift */ = {isa = PBXFileReference; fileEncoding = 4; lastKnownFileType = sourcecode.swift; path = GetLevelProgressionOperation.swift; sourceTree = "<group>"; };
		43DAE3BF1C95AC1700F090C4 /* ParseLevelProgressionOperation.swift */ = {isa = PBXFileReference; fileEncoding = 4; lastKnownFileType = sourcecode.swift; path = ParseLevelProgressionOperation.swift; sourceTree = "<group>"; };
		43DAE3C01C95AC1700F090C4 /* ParseOpertion.swift */ = {isa = PBXFileReference; fileEncoding = 4; lastKnownFileType = sourcecode.swift; path = ParseOpertion.swift; sourceTree = "<group>"; };
		43DAE3C21C95AC1700F090C4 /* DownloadRadicalsListOperation.swift */ = {isa = PBXFileReference; fileEncoding = 4; lastKnownFileType = sourcecode.swift; path = DownloadRadicalsListOperation.swift; sourceTree = "<group>"; };
		43DAE3C31C95AC1700F090C4 /* GetRadicalsListOperation.swift */ = {isa = PBXFileReference; fileEncoding = 4; lastKnownFileType = sourcecode.swift; path = GetRadicalsListOperation.swift; sourceTree = "<group>"; };
		43DAE3C41C95AC1700F090C4 /* ParseRadicalsListOperation.swift */ = {isa = PBXFileReference; fileEncoding = 4; lastKnownFileType = sourcecode.swift; path = ParseRadicalsListOperation.swift; sourceTree = "<group>"; };
		43DAE3C61C95AC1700F090C4 /* DownloadStudyQueueOperation.swift */ = {isa = PBXFileReference; fileEncoding = 4; lastKnownFileType = sourcecode.swift; path = DownloadStudyQueueOperation.swift; sourceTree = "<group>"; };
		43DAE3C71C95AC1700F090C4 /* GetStudyQueueOperation.swift */ = {isa = PBXFileReference; fileEncoding = 4; lastKnownFileType = sourcecode.swift; path = GetStudyQueueOperation.swift; sourceTree = "<group>"; };
		43DAE3C81C95AC1700F090C4 /* ParseStudyQueueOperation.swift */ = {isa = PBXFileReference; fileEncoding = 4; lastKnownFileType = sourcecode.swift; path = ParseStudyQueueOperation.swift; sourceTree = "<group>"; };
		43DAE3CA1C95AC1700F090C4 /* DownloadUserInfoOperation.swift */ = {isa = PBXFileReference; fileEncoding = 4; lastKnownFileType = sourcecode.swift; path = DownloadUserInfoOperation.swift; sourceTree = "<group>"; };
		43DAE3CB1C95AC1700F090C4 /* GetUserInfoOperation.swift */ = {isa = PBXFileReference; fileEncoding = 4; lastKnownFileType = sourcecode.swift; path = GetUserInfoOperation.swift; sourceTree = "<group>"; };
		43DAE3CC1C95AC1700F090C4 /* ParseUserInfoOperation.swift */ = {isa = PBXFileReference; fileEncoding = 4; lastKnownFileType = sourcecode.swift; path = ParseUserInfoOperation.swift; sourceTree = "<group>"; };
		43DAE3CE1C95AC1700F090C4 /* DownloadVocabListOperation.swift */ = {isa = PBXFileReference; fileEncoding = 4; lastKnownFileType = sourcecode.swift; path = DownloadVocabListOperation.swift; sourceTree = "<group>"; };
		43DAE3CF1C95AC1700F090C4 /* GetVocabListOperation.swift */ = {isa = PBXFileReference; fileEncoding = 4; lastKnownFileType = sourcecode.swift; path = GetVocabListOperation.swift; sourceTree = "<group>"; };
		43DAE3D01C95AC1700F090C4 /* ParseVocabListOperation.swift */ = {isa = PBXFileReference; fileEncoding = 4; lastKnownFileType = sourcecode.swift; path = ParseVocabListOperation.swift; sourceTree = "<group>"; };
		43DAE3D11C95AC1700F090C4 /* WaniKit.h */ = {isa = PBXFileReference; fileEncoding = 4; lastKnownFileType = sourcecode.c.h; path = WaniKit.h; sourceTree = "<group>"; };
		43DAE4491C95AEBD00F090C4 /* EndpointZeroTests.swift */ = {isa = PBXFileReference; fileEncoding = 4; lastKnownFileType = sourcecode.swift; path = EndpointZeroTests.swift; sourceTree = "<group>"; };
		43DAE44A1C95AEBD00F090C4 /* TestsRelated.swift */ = {isa = PBXFileReference; fileEncoding = 4; lastKnownFileType = sourcecode.swift; path = TestsRelated.swift; sourceTree = "<group>"; };
/* End PBXFileReference section */

/* Begin PBXFrameworksBuildPhase section */
		43ABC3B01C92C03400FC2AE7 /* Frameworks */ = {
			isa = PBXFrameworksBuildPhase;
			buildActionMask = 2147483647;
			files = (
			);
			runOnlyForDeploymentPostprocessing = 0;
		};
		43ABC3BB1C92C03500FC2AE7 /* Frameworks */ = {
			isa = PBXFrameworksBuildPhase;
			buildActionMask = 2147483647;
			files = (
				43ABC3BF1C92C03500FC2AE7 /* WaniKit.framework in Frameworks */,
			);
			runOnlyForDeploymentPostprocessing = 0;
		};
		43DAE2671C9592D800F090C4 /* Frameworks */ = {
			isa = PBXFrameworksBuildPhase;
			buildActionMask = 2147483647;
			files = (
			);
			runOnlyForDeploymentPostprocessing = 0;
		};
		43DAE2711C9592D800F090C4 /* Frameworks */ = {
			isa = PBXFrameworksBuildPhase;
			buildActionMask = 2147483647;
			files = (
				43DAE2751C9592D800F090C4 /* WaniKit.framework in Frameworks */,
			);
			runOnlyForDeploymentPostprocessing = 0;
		};
/* End PBXFrameworksBuildPhase section */

/* Begin PBXGroup section */
		43ABC3AA1C92C03400FC2AE7 = {
			isa = PBXGroup;
			children = (
				43DAE4471C95AEBD00F090C4 /* Tests */,
				43DAE3871C95AC1700F090C4 /* WaniKit */,
				43ABC3C21C92C03500FC2AE7 /* WaniKitTests */,
				43DAE26C1C9592D800F090C4 /* WaniKit-OSX */,
				43DAE2781C9592D800F090C4 /* WaniKit-OSXTests */,
				43ABC3B51C92C03500FC2AE7 /* Products */,
			);
			sourceTree = "<group>";
		};
		43ABC3B51C92C03500FC2AE7 /* Products */ = {
			isa = PBXGroup;
			children = (
				43ABC3B41C92C03500FC2AE7 /* WaniKit.framework */,
				43ABC3BE1C92C03500FC2AE7 /* WaniKitTests.xctest */,
				43DAE26B1C9592D800F090C4 /* WaniKit.framework */,
				43DAE2741C9592D800F090C4 /* WaniKitOSXTests.xctest */,
			);
			name = Products;
			sourceTree = "<group>";
		};
		43ABC3C21C92C03500FC2AE7 /* WaniKitTests */ = {
			isa = PBXGroup;
			children = (
				43ABC3C51C92C03500FC2AE7 /* Info.plist */,
			);
			path = WaniKitTests;
			sourceTree = "<group>";
		};
		43DAE26C1C9592D800F090C4 /* WaniKit-OSX */ = {
			isa = PBXGroup;
			children = (
				43DAE26F1C9592D800F090C4 /* Info.plist */,
			);
			path = "WaniKit-OSX";
			sourceTree = "<group>";
		};
		43DAE2781C9592D800F090C4 /* WaniKit-OSXTests */ = {
			isa = PBXGroup;
			children = (
				43DAE27B1C9592D800F090C4 /* Info.plist */,
			);
			path = "WaniKit-OSXTests";
			sourceTree = "<group>";
		};
		43DAE3871C95AC1700F090C4 /* WaniKit */ = {
			isa = PBXGroup;
			children = (
				43DAE3881C95AC1700F090C4 /* Apple NSOperation */,
				43DAE3A71C95AC1700F090C4 /* Model */,
				43DAE3AF1C95AC1700F090C4 /* Utils */,
				43DAE3B21C95AC1700F090C4 /* WaniKit operations */,
				43DAE3A61C95AC1700F090C4 /* Info.plist */,
				43DAE3B11C95AC1700F090C4 /* WaniAPIManager.swift */,
				43DAE3D11C95AC1700F090C4 /* WaniKit.h */,
			);
			name = WaniKit;
			path = Sources/WaniKit;
			sourceTree = "<group>";
		};
		43DAE3881C95AC1700F090C4 /* Apple NSOperation */ = {
			isa = PBXGroup;
			children = (
				43DAE3891C95AC1700F090C4 /* Conditions */,
				43DAE3941C95AC1700F090C4 /* Convenience extensions */,
				43DAE3991C95AC1700F090C4 /* NetworkObserver.swift */,
				43DAE39A1C95AC1700F090C4 /* Observers */,
				43DAE39E1C95AC1700F090C4 /* Operation */,
				43DAE3A31C95AC1700F090C4 /* Operation Queue */,
			);
			path = "Apple NSOperation";
			sourceTree = "<group>";
		};
		43DAE3891C95AC1700F090C4 /* Conditions */ = {
			isa = PBXGroup;
			children = (
				43DAE38A1C95AC1700F090C4 /* MutuallyExclusive.swift */,
				43DAE38B1C95AC1700F090C4 /* NegatedCondition.swift */,
				43DAE38C1C95AC1700F090C4 /* NoCancelledDependencies.swift */,
				43DAE38D1C95AC1700F090C4 /* Operation.swift */,
				43DAE38E1C95AC1700F090C4 /* OperationCondition.swift */,
				43DAE38F1C95AC1700F090C4 /* OperationErrors.swift */,
				43DAE3901C95AC1700F090C4 /* ReachabilityCondition.swift */,
				43DAE3911C95AC1700F090C4 /* RemoteNotificationCondition.swift */,
				43DAE3921C95AC1700F090C4 /* SilentCondition.swift */,
				43DAE3931C95AC1700F090C4 /* UserNotificationCondition.swift */,
			);
			path = Conditions;
			sourceTree = "<group>";
		};
		43DAE3941C95AC1700F090C4 /* Convenience extensions */ = {
			isa = PBXGroup;
			children = (
				43DAE3951C95AC1700F090C4 /* Dictionary+Operations.swift */,
				43DAE3961C95AC1700F090C4 /* NSLock+Operations.swift */,
				43DAE3971C95AC1700F090C4 /* NSOperation+Operations.swift */,
				43DAE3981C95AC1700F090C4 /* UIUserNotifications+Operations.swift */,
			);
			path = "Convenience extensions";
			sourceTree = "<group>";
		};
		43DAE39A1C95AC1700F090C4 /* Observers */ = {
			isa = PBXGroup;
			children = (
				43DAE39B1C95AC1700F090C4 /* BlockObserver.swift */,
				43DAE39C1C95AC1700F090C4 /* OperationObserver.swift */,
				43DAE39D1C95AC1700F090C4 /* TimeoutObserver.swift */,
			);
			path = Observers;
			sourceTree = "<group>";
		};
		43DAE39E1C95AC1700F090C4 /* Operation */ = {
			isa = PBXGroup;
			children = (
				43DAE39F1C95AC1700F090C4 /* BlockOperation.swift */,
				43DAE3A01C95AC1700F090C4 /* DelayOperation.swift */,
				43DAE3A11C95AC1700F090C4 /* GroupOperation.swift */,
				43DAE3A21C95AC1700F090C4 /* URLSessionTaskOperation.swift */,
			);
			path = Operation;
			sourceTree = "<group>";
		};
		43DAE3A31C95AC1700F090C4 /* Operation Queue */ = {
			isa = PBXGroup;
			children = (
				43DAE3A41C95AC1700F090C4 /* ExclusivityController.swift */,
				43DAE3A51C95AC1700F090C4 /* OperationQueue.swift */,
			);
			path = "Operation Queue";
			sourceTree = "<group>";
		};
		43DAE3A71C95AC1700F090C4 /* Model */ = {
			isa = PBXGroup;
			children = (
				43DAE3A81C95AC1700F090C4 /* CriticalItems.swift */,
				43DAE3A91C95AC1700F090C4 /* KanjiInfo.swift */,
				43DAE3AA1C95AC1700F090C4 /* LevelProgressionInfo.swift */,
				43DAE3AB1C95AC1700F090C4 /* RadicalInfo.swift */,
				43DAE3AC1C95AC1700F090C4 /* StudyQueueInfo.swift */,
				43DAE3AD1C95AC1700F090C4 /* UserInfo.swift */,
				43DAE3AE1C95AC1700F090C4 /* WordlInfo.swift */,
			);
			path = Model;
			sourceTree = "<group>";
		};
		43DAE3AF1C95AC1700F090C4 /* Utils */ = {
			isa = PBXGroup;
			children = (
				43DAE3B01C95AC1700F090C4 /* DictionaryConvertable.swift */,
			);
			path = Utils;
			sourceTree = "<group>";
		};
		43DAE3B21C95AC1700F090C4 /* WaniKit operations */ = {
			isa = PBXGroup;
			children = (
				43DAE3B31C95AC1700F090C4 /* CriticalItems */,
				43DAE3B71C95AC1700F090C4 /* DownloadOperation.swift */,
				43DAE3B81C95AC1700F090C4 /* KanjiList */,
				43DAE3BC1C95AC1700F090C4 /* LevelProgression */,
				43DAE3C01C95AC1700F090C4 /* ParseOpertion.swift */,
				43DAE3C11C95AC1700F090C4 /* RadicalsList */,
				43DAE3C51C95AC1700F090C4 /* StudyQueue */,
				43DAE3C91C95AC1700F090C4 /* UserInfo */,
				43DAE3CD1C95AC1700F090C4 /* VocabList */,
			);
			path = "WaniKit operations";
			sourceTree = "<group>";
		};
		43DAE3B31C95AC1700F090C4 /* CriticalItems */ = {
			isa = PBXGroup;
			children = (
				43DAE3B41C95AC1700F090C4 /* DownloadCriticalItemsOperation.swift */,
				43DAE3B51C95AC1700F090C4 /* GetCriticalItemsOperation.swift */,
				43DAE3B61C95AC1700F090C4 /* ParseCriticalItemsOperation.swift */,
			);
			path = CriticalItems;
			sourceTree = "<group>";
		};
		43DAE3B81C95AC1700F090C4 /* KanjiList */ = {
			isa = PBXGroup;
			children = (
				43DAE3B91C95AC1700F090C4 /* DownloadKanjiListOperation.swift */,
				43DAE3BA1C95AC1700F090C4 /* GetKanjiListOperation.swift */,
				43DAE3BB1C95AC1700F090C4 /* ParseKanjiListOperation.swift */,
			);
			path = KanjiList;
			sourceTree = "<group>";
		};
		43DAE3BC1C95AC1700F090C4 /* LevelProgression */ = {
			isa = PBXGroup;
			children = (
				43DAE3BD1C95AC1700F090C4 /* DownloadLevelProgressionOperation.swift */,
				43DAE3BE1C95AC1700F090C4 /* GetLevelProgressionOperation.swift */,
				43DAE3BF1C95AC1700F090C4 /* ParseLevelProgressionOperation.swift */,
			);
			path = LevelProgression;
			sourceTree = "<group>";
		};
		43DAE3C11C95AC1700F090C4 /* RadicalsList */ = {
			isa = PBXGroup;
			children = (
				43DAE3C21C95AC1700F090C4 /* DownloadRadicalsListOperation.swift */,
				43DAE3C31C95AC1700F090C4 /* GetRadicalsListOperation.swift */,
				43DAE3C41C95AC1700F090C4 /* ParseRadicalsListOperation.swift */,
			);
			path = RadicalsList;
			sourceTree = "<group>";
		};
		43DAE3C51C95AC1700F090C4 /* StudyQueue */ = {
			isa = PBXGroup;
			children = (
				43DAE3C61C95AC1700F090C4 /* DownloadStudyQueueOperation.swift */,
				43DAE3C71C95AC1700F090C4 /* GetStudyQueueOperation.swift */,
				43DAE3C81C95AC1700F090C4 /* ParseStudyQueueOperation.swift */,
			);
			path = StudyQueue;
			sourceTree = "<group>";
		};
		43DAE3C91C95AC1700F090C4 /* UserInfo */ = {
			isa = PBXGroup;
			children = (
				43DAE3CA1C95AC1700F090C4 /* DownloadUserInfoOperation.swift */,
				43DAE3CB1C95AC1700F090C4 /* GetUserInfoOperation.swift */,
				43DAE3CC1C95AC1700F090C4 /* ParseUserInfoOperation.swift */,
			);
			path = UserInfo;
			sourceTree = "<group>";
		};
		43DAE3CD1C95AC1700F090C4 /* VocabList */ = {
			isa = PBXGroup;
			children = (
				43DAE3CE1C95AC1700F090C4 /* DownloadVocabListOperation.swift */,
				43DAE3CF1C95AC1700F090C4 /* GetVocabListOperation.swift */,
				43DAE3D01C95AC1700F090C4 /* ParseVocabListOperation.swift */,
			);
			path = VocabList;
			sourceTree = "<group>";
		};
		43DAE4471C95AEBD00F090C4 /* Tests */ = {
			isa = PBXGroup;
			children = (
				43DAE4481C95AEBD00F090C4 /* WaniKit */,
			);
			path = Tests;
			sourceTree = "<group>";
		};
		43DAE4481C95AEBD00F090C4 /* WaniKit */ = {
			isa = PBXGroup;
			children = (
				43DAE4491C95AEBD00F090C4 /* EndpointZeroTests.swift */,
				43DAE44A1C95AEBD00F090C4 /* TestsRelated.swift */,
			);
			path = WaniKit;
			sourceTree = "<group>";
		};
/* End PBXGroup section */

/* Begin PBXHeadersBuildPhase section */
		43ABC3B11C92C03400FC2AE7 /* Headers */ = {
			isa = PBXHeadersBuildPhase;
			buildActionMask = 2147483647;
			files = (
				43DAE4441C95AC1700F090C4 /* WaniKit.h in Headers */,
			);
			runOnlyForDeploymentPostprocessing = 0;
		};
		43DAE2681C9592D800F090C4 /* Headers */ = {
			isa = PBXHeadersBuildPhase;
			buildActionMask = 2147483647;
			files = (
				43DAE4451C95AC1700F090C4 /* WaniKit.h in Headers */,
			);
			runOnlyForDeploymentPostprocessing = 0;
		};
/* End PBXHeadersBuildPhase section */

/* Begin PBXNativeTarget section */
		43ABC3B31C92C03400FC2AE7 /* WaniKit-iOS */ = {
			isa = PBXNativeTarget;
			buildConfigurationList = 43ABC3C81C92C03500FC2AE7 /* Build configuration list for PBXNativeTarget "WaniKit-iOS" */;
			buildPhases = (
				43ABC3AF1C92C03400FC2AE7 /* Sources */,
				43ABC3B01C92C03400FC2AE7 /* Frameworks */,
				43ABC3B11C92C03400FC2AE7 /* Headers */,
				43ABC3B21C92C03400FC2AE7 /* Resources */,
			);
			buildRules = (
			);
			dependencies = (
			);
			name = "WaniKit-iOS";
			productName = WaniKit;
			productReference = 43ABC3B41C92C03500FC2AE7 /* WaniKit.framework */;
			productType = "com.apple.product-type.framework";
		};
		43ABC3BD1C92C03500FC2AE7 /* WaniKitTests */ = {
			isa = PBXNativeTarget;
			buildConfigurationList = 43ABC3CB1C92C03500FC2AE7 /* Build configuration list for PBXNativeTarget "WaniKitTests" */;
			buildPhases = (
				43ABC3BA1C92C03500FC2AE7 /* Sources */,
				43ABC3BB1C92C03500FC2AE7 /* Frameworks */,
				43ABC3BC1C92C03500FC2AE7 /* Resources */,
				4315943B1C92DD2A00EDA489 /* CopyFiles */,
			);
			buildRules = (
			);
			dependencies = (
				43ABC3C11C92C03500FC2AE7 /* PBXTargetDependency */,
			);
			name = WaniKitTests;
			productName = WaniKitTests;
			productReference = 43ABC3BE1C92C03500FC2AE7 /* WaniKitTests.xctest */;
			productType = "com.apple.product-type.bundle.unit-test";
		};
		43DAE26A1C9592D800F090C4 /* WaniKit-OSX */ = {
			isa = PBXNativeTarget;
			buildConfigurationList = 43DAE27C1C9592D800F090C4 /* Build configuration list for PBXNativeTarget "WaniKit-OSX" */;
			buildPhases = (
				43DAE2661C9592D800F090C4 /* Sources */,
				43DAE2671C9592D800F090C4 /* Frameworks */,
				43DAE2681C9592D800F090C4 /* Headers */,
				43DAE2691C9592D800F090C4 /* Resources */,
			);
			buildRules = (
			);
			dependencies = (
			);
			name = "WaniKit-OSX";
			productName = "WaniKit-OSX";
			productReference = 43DAE26B1C9592D800F090C4 /* WaniKit.framework */;
			productType = "com.apple.product-type.framework";
		};
		43DAE2731C9592D800F090C4 /* WaniKit-OSXTests */ = {
			isa = PBXNativeTarget;
			buildConfigurationList = 43DAE27F1C9592D800F090C4 /* Build configuration list for PBXNativeTarget "WaniKit-OSXTests" */;
			buildPhases = (
				43DAE2701C9592D800F090C4 /* Sources */,
				43DAE2711C9592D800F090C4 /* Frameworks */,
				43DAE2721C9592D800F090C4 /* Resources */,
			);
			buildRules = (
			);
			dependencies = (
				43DAE2771C9592D800F090C4 /* PBXTargetDependency */,
			);
			name = "WaniKit-OSXTests";
			productName = "WaniKit-OSXTests";
			productReference = 43DAE2741C9592D800F090C4 /* WaniKitOSXTests.xctest */;
			productType = "com.apple.product-type.bundle.unit-test";
		};
/* End PBXNativeTarget section */

/* Begin PBXProject section */
		43ABC3AB1C92C03400FC2AE7 /* Project object */ = {
			isa = PBXProject;
			attributes = {
				LastSwiftUpdateCheck = 0720;
				LastUpgradeCheck = 0720;
				ORGANIZATIONNAME = "Andriy K.";
				TargetAttributes = {
					43ABC3B31C92C03400FC2AE7 = {
						CreatedOnToolsVersion = 7.2;
					};
					43ABC3BD1C92C03500FC2AE7 = {
						CreatedOnToolsVersion = 7.2;
					};
					43DAE26A1C9592D800F090C4 = {
						CreatedOnToolsVersion = 7.2;
					};
					43DAE2731C9592D800F090C4 = {
						CreatedOnToolsVersion = 7.2;
					};
				};
			};
			buildConfigurationList = 43ABC3AE1C92C03400FC2AE7 /* Build configuration list for PBXProject "WaniKit" */;
			compatibilityVersion = "Xcode 3.2";
			developmentRegion = English;
			hasScannedForEncodings = 0;
			knownRegions = (
				en,
			);
			mainGroup = 43ABC3AA1C92C03400FC2AE7;
			productRefGroup = 43ABC3B51C92C03500FC2AE7 /* Products */;
			projectDirPath = "";
			projectRoot = "";
			targets = (
				43ABC3B31C92C03400FC2AE7 /* WaniKit-iOS */,
				43ABC3BD1C92C03500FC2AE7 /* WaniKitTests */,
				43DAE26A1C9592D800F090C4 /* WaniKit-OSX */,
				43DAE2731C9592D800F090C4 /* WaniKit-OSXTests */,
			);
		};
/* End PBXProject section */

/* Begin PBXResourcesBuildPhase section */
		43ABC3B21C92C03400FC2AE7 /* Resources */ = {
			isa = PBXResourcesBuildPhase;
			buildActionMask = 2147483647;
			files = (
			);
			runOnlyForDeploymentPostprocessing = 0;
		};
		43ABC3BC1C92C03500FC2AE7 /* Resources */ = {
			isa = PBXResourcesBuildPhase;
			buildActionMask = 2147483647;
			files = (
			);
			runOnlyForDeploymentPostprocessing = 0;
		};
		43DAE2691C9592D800F090C4 /* Resources */ = {
			isa = PBXResourcesBuildPhase;
			buildActionMask = 2147483647;
			files = (
			);
			runOnlyForDeploymentPostprocessing = 0;
		};
		43DAE2721C9592D800F090C4 /* Resources */ = {
			isa = PBXResourcesBuildPhase;
			buildActionMask = 2147483647;
			files = (
			);
			runOnlyForDeploymentPostprocessing = 0;
		};
/* End PBXResourcesBuildPhase section */

/* Begin PBXSourcesBuildPhase section */
		43ABC3AF1C92C03400FC2AE7 /* Sources */ = {
			isa = PBXSourcesBuildPhase;
			buildActionMask = 2147483647;
			files = (
				43DAE3F21C95AC1700F090C4 /* OperationObserver.swift in Sources */,
				43DAE43A1C95AC1700F090C4 /* GetUserInfoOperation.swift in Sources */,
				43DAE4121C95AC1700F090C4 /* DictionaryConvertable.swift in Sources */,
				43DAE3D61C95AC1700F090C4 /* NoCancelledDependencies.swift in Sources */,
				43DAE41A1C95AC1700F090C4 /* ParseCriticalItemsOperation.swift in Sources */,
				43DAE41E1C95AC1700F090C4 /* DownloadKanjiListOperation.swift in Sources */,
				43DAE3F01C95AC1700F090C4 /* BlockObserver.swift in Sources */,
				43DAE3FC1C95AC1700F090C4 /* URLSessionTaskOperation.swift in Sources */,
				43DAE3DE1C95AC1700F090C4 /* ReachabilityCondition.swift in Sources */,
				43DAE3FA1C95AC1700F090C4 /* GroupOperation.swift in Sources */,
				43DAE4321C95AC1700F090C4 /* DownloadStudyQueueOperation.swift in Sources */,
				43DAE3E01C95AC1700F090C4 /* RemoteNotificationCondition.swift in Sources */,
				43DAE4141C95AC1700F090C4 /* WaniAPIManager.swift in Sources */,
				43DAE42E1C95AC1700F090C4 /* GetRadicalsListOperation.swift in Sources */,
				43DAE4101C95AC1700F090C4 /* WordlInfo.swift in Sources */,
				43DAE3EC1C95AC1700F090C4 /* UIUserNotifications+Operations.swift in Sources */,
				43DAE3E81C95AC1700F090C4 /* NSLock+Operations.swift in Sources */,
				43DAE3FE1C95AC1700F090C4 /* ExclusivityController.swift in Sources */,
				43DAE40C1C95AC1700F090C4 /* StudyQueueInfo.swift in Sources */,
				43DAE4421C95AC1700F090C4 /* ParseVocabListOperation.swift in Sources */,
				43DAE3F81C95AC1700F090C4 /* DelayOperation.swift in Sources */,
				43DAE43C1C95AC1700F090C4 /* ParseUserInfoOperation.swift in Sources */,
				43DAE3EA1C95AC1700F090C4 /* NSOperation+Operations.swift in Sources */,
				43DAE3D41C95AC1700F090C4 /* NegatedCondition.swift in Sources */,
				43DAE4161C95AC1700F090C4 /* DownloadCriticalItemsOperation.swift in Sources */,
				43DAE4001C95AC1700F090C4 /* OperationQueue.swift in Sources */,
				43DAE3EE1C95AC1700F090C4 /* NetworkObserver.swift in Sources */,
				43DAE3D21C95AC1700F090C4 /* MutuallyExclusive.swift in Sources */,
				43DAE4181C95AC1700F090C4 /* GetCriticalItemsOperation.swift in Sources */,
				43DAE4301C95AC1700F090C4 /* ParseRadicalsListOperation.swift in Sources */,
				43DAE3E21C95AC1700F090C4 /* SilentCondition.swift in Sources */,
				43DAE3E61C95AC1700F090C4 /* Dictionary+Operations.swift in Sources */,
				43DAE4401C95AC1700F090C4 /* GetVocabListOperation.swift in Sources */,
				43DAE4281C95AC1700F090C4 /* ParseLevelProgressionOperation.swift in Sources */,
				43DAE41C1C95AC1700F090C4 /* DownloadOperation.swift in Sources */,
				43DAE4261C95AC1700F090C4 /* GetLevelProgressionOperation.swift in Sources */,
				43DAE4201C95AC1700F090C4 /* GetKanjiListOperation.swift in Sources */,
				43DAE3D81C95AC1700F090C4 /* Operation.swift in Sources */,
				43DAE4221C95AC1700F090C4 /* ParseKanjiListOperation.swift in Sources */,
				43DAE4341C95AC1700F090C4 /* GetStudyQueueOperation.swift in Sources */,
				43DAE3DC1C95AC1700F090C4 /* OperationErrors.swift in Sources */,
				43DAE4041C95AC1700F090C4 /* CriticalItems.swift in Sources */,
				43DAE3DA1C95AC1700F090C4 /* OperationCondition.swift in Sources */,
				43DAE3E41C95AC1700F090C4 /* UserNotificationCondition.swift in Sources */,
				43DAE42C1C95AC1700F090C4 /* DownloadRadicalsListOperation.swift in Sources */,
				43DAE4361C95AC1700F090C4 /* ParseStudyQueueOperation.swift in Sources */,
				43DAE4061C95AC1700F090C4 /* KanjiInfo.swift in Sources */,
				43DAE42A1C95AC1700F090C4 /* ParseOpertion.swift in Sources */,
				43DAE4381C95AC1700F090C4 /* DownloadUserInfoOperation.swift in Sources */,
				43DAE40A1C95AC1700F090C4 /* RadicalInfo.swift in Sources */,
				43DAE3F61C95AC1700F090C4 /* BlockOperation.swift in Sources */,
				43DAE3F41C95AC1700F090C4 /* TimeoutObserver.swift in Sources */,
				43DAE4241C95AC1700F090C4 /* DownloadLevelProgressionOperation.swift in Sources */,
				43DAE40E1C95AC1700F090C4 /* UserInfo.swift in Sources */,
				43DAE43E1C95AC1700F090C4 /* DownloadVocabListOperation.swift in Sources */,
				43DAE4081C95AC1700F090C4 /* LevelProgressionInfo.swift in Sources */,
			);
			runOnlyForDeploymentPostprocessing = 0;
		};
		43ABC3BA1C92C03500FC2AE7 /* Sources */ = {
			isa = PBXSourcesBuildPhase;
			buildActionMask = 2147483647;
			files = (
				43DAE44F1C95AEC900F090C4 /* EndpointZeroTests.swift in Sources */,
				43DAE4501C95AEC900F090C4 /* TestsRelated.swift in Sources */,
			);
			runOnlyForDeploymentPostprocessing = 0;
		};
		43DAE2661C9592D800F090C4 /* Sources */ = {
			isa = PBXSourcesBuildPhase;
			buildActionMask = 2147483647;
			files = (
				43DAE3F31C95AC1700F090C4 /* OperationObserver.swift in Sources */,
				43DAE43B1C95AC1700F090C4 /* GetUserInfoOperation.swift in Sources */,
				43DAE4131C95AC1700F090C4 /* DictionaryConvertable.swift in Sources */,
				43DAE3D71C95AC1700F090C4 /* NoCancelledDependencies.swift in Sources */,
				43DAE41B1C95AC1700F090C4 /* ParseCriticalItemsOperation.swift in Sources */,
				43DAE41F1C95AC1700F090C4 /* DownloadKanjiListOperation.swift in Sources */,
				43DAE3F11C95AC1700F090C4 /* BlockObserver.swift in Sources */,
				43DAE3FD1C95AC1700F090C4 /* URLSessionTaskOperation.swift in Sources */,
				43DAE3DF1C95AC1700F090C4 /* ReachabilityCondition.swift in Sources */,
				43DAE3FB1C95AC1700F090C4 /* GroupOperation.swift in Sources */,
				43DAE4331C95AC1700F090C4 /* DownloadStudyQueueOperation.swift in Sources */,
				43DAE3E11C95AC1700F090C4 /* RemoteNotificationCondition.swift in Sources */,
				43DAE4151C95AC1700F090C4 /* WaniAPIManager.swift in Sources */,
				43DAE42F1C95AC1700F090C4 /* GetRadicalsListOperation.swift in Sources */,
				43DAE4111C95AC1700F090C4 /* WordlInfo.swift in Sources */,
				43DAE3E91C95AC1700F090C4 /* NSLock+Operations.swift in Sources */,
				43DAE3FF1C95AC1700F090C4 /* ExclusivityController.swift in Sources */,
				43DAE40D1C95AC1700F090C4 /* StudyQueueInfo.swift in Sources */,
				43DAE4431C95AC1700F090C4 /* ParseVocabListOperation.swift in Sources */,
				43DAE3F91C95AC1700F090C4 /* DelayOperation.swift in Sources */,
				43DAE43D1C95AC1700F090C4 /* ParseUserInfoOperation.swift in Sources */,
				43DAE3EB1C95AC1700F090C4 /* NSOperation+Operations.swift in Sources */,
				43DAE3D51C95AC1700F090C4 /* NegatedCondition.swift in Sources */,
				43DAE4171C95AC1700F090C4 /* DownloadCriticalItemsOperation.swift in Sources */,
				43DAE4011C95AC1700F090C4 /* OperationQueue.swift in Sources */,
				43DAE3EF1C95AC1700F090C4 /* NetworkObserver.swift in Sources */,
				43DAE3D31C95AC1700F090C4 /* MutuallyExclusive.swift in Sources */,
				43DAE4191C95AC1700F090C4 /* GetCriticalItemsOperation.swift in Sources */,
				43DAE4311C95AC1700F090C4 /* ParseRadicalsListOperation.swift in Sources */,
				43DAE3E31C95AC1700F090C4 /* SilentCondition.swift in Sources */,
				43DAE3E71C95AC1700F090C4 /* Dictionary+Operations.swift in Sources */,
				43DAE4411C95AC1700F090C4 /* GetVocabListOperation.swift in Sources */,
				43DAE4291C95AC1700F090C4 /* ParseLevelProgressionOperation.swift in Sources */,
				43DAE41D1C95AC1700F090C4 /* DownloadOperation.swift in Sources */,
				43DAE4271C95AC1700F090C4 /* GetLevelProgressionOperation.swift in Sources */,
				43DAE4211C95AC1700F090C4 /* GetKanjiListOperation.swift in Sources */,
				43DAE3D91C95AC1700F090C4 /* Operation.swift in Sources */,
				43DAE4231C95AC1700F090C4 /* ParseKanjiListOperation.swift in Sources */,
				43DAE4351C95AC1700F090C4 /* GetStudyQueueOperation.swift in Sources */,
				43DAE3DD1C95AC1700F090C4 /* OperationErrors.swift in Sources */,
				43DAE4051C95AC1700F090C4 /* CriticalItems.swift in Sources */,
				43DAE3DB1C95AC1700F090C4 /* OperationCondition.swift in Sources */,
				43DAE3E51C95AC1700F090C4 /* UserNotificationCondition.swift in Sources */,
				43DAE42D1C95AC1700F090C4 /* DownloadRadicalsListOperation.swift in Sources */,
				43DAE4371C95AC1700F090C4 /* ParseStudyQueueOperation.swift in Sources */,
				43DAE4461C95AD9900F090C4 /* UIUserNotifications+Operations.swift in Sources */,
				43DAE4071C95AC1700F090C4 /* KanjiInfo.swift in Sources */,
				43DAE42B1C95AC1700F090C4 /* ParseOpertion.swift in Sources */,
				43DAE4391C95AC1700F090C4 /* DownloadUserInfoOperation.swift in Sources */,
				43DAE40B1C95AC1700F090C4 /* RadicalInfo.swift in Sources */,
				43DAE3F71C95AC1700F090C4 /* BlockOperation.swift in Sources */,
				43DAE3F51C95AC1700F090C4 /* TimeoutObserver.swift in Sources */,
				43DAE4251C95AC1700F090C4 /* DownloadLevelProgressionOperation.swift in Sources */,
				43DAE40F1C95AC1700F090C4 /* UserInfo.swift in Sources */,
				43DAE43F1C95AC1700F090C4 /* DownloadVocabListOperation.swift in Sources */,
				43DAE4091C95AC1700F090C4 /* LevelProgressionInfo.swift in Sources */,
			);
			runOnlyForDeploymentPostprocessing = 0;
		};
		43DAE2701C9592D800F090C4 /* Sources */ = {
			isa = PBXSourcesBuildPhase;
			buildActionMask = 2147483647;
			files = (
				43DAE4511C95AEC900F090C4 /* EndpointZeroTests.swift in Sources */,
				43DAE4521C95AEC900F090C4 /* TestsRelated.swift in Sources */,
			);
			runOnlyForDeploymentPostprocessing = 0;
		};
/* End PBXSourcesBuildPhase section */

/* Begin PBXTargetDependency section */
		43ABC3C11C92C03500FC2AE7 /* PBXTargetDependency */ = {
			isa = PBXTargetDependency;
			target = 43ABC3B31C92C03400FC2AE7 /* WaniKit-iOS */;
			targetProxy = 43ABC3C01C92C03500FC2AE7 /* PBXContainerItemProxy */;
		};
		43DAE2771C9592D800F090C4 /* PBXTargetDependency */ = {
			isa = PBXTargetDependency;
			target = 43DAE26A1C9592D800F090C4 /* WaniKit-OSX */;
			targetProxy = 43DAE2761C9592D800F090C4 /* PBXContainerItemProxy */;
		};
/* End PBXTargetDependency section */

/* Begin XCBuildConfiguration section */
		43ABC3C61C92C03500FC2AE7 /* Debug */ = {
			isa = XCBuildConfiguration;
			buildSettings = {
				ALWAYS_SEARCH_USER_PATHS = NO;
				CLANG_CXX_LANGUAGE_STANDARD = "gnu++0x";
				CLANG_CXX_LIBRARY = "libc++";
				CLANG_ENABLE_MODULES = YES;
				CLANG_ENABLE_OBJC_ARC = YES;
				CLANG_WARN_BOOL_CONVERSION = YES;
				CLANG_WARN_CONSTANT_CONVERSION = YES;
				CLANG_WARN_DIRECT_OBJC_ISA_USAGE = YES_ERROR;
				CLANG_WARN_EMPTY_BODY = YES;
				CLANG_WARN_ENUM_CONVERSION = YES;
				CLANG_WARN_INT_CONVERSION = YES;
				CLANG_WARN_OBJC_ROOT_CLASS = YES_ERROR;
				CLANG_WARN_UNREACHABLE_CODE = YES;
				CLANG_WARN__DUPLICATE_METHOD_MATCH = YES;
				"CODE_SIGN_IDENTITY[sdk=iphoneos*]" = "iPhone Developer";
				COPY_PHASE_STRIP = NO;
				CURRENT_PROJECT_VERSION = 1;
				DEBUG_INFORMATION_FORMAT = dwarf;
				ENABLE_STRICT_OBJC_MSGSEND = YES;
				ENABLE_TESTABILITY = YES;
				GCC_C_LANGUAGE_STANDARD = gnu99;
				GCC_DYNAMIC_NO_PIC = NO;
				GCC_NO_COMMON_BLOCKS = YES;
				GCC_OPTIMIZATION_LEVEL = 0;
				GCC_PREPROCESSOR_DEFINITIONS = (
					"DEBUG=1",
					"$(inherited)",
				);
				GCC_WARN_64_TO_32_BIT_CONVERSION = YES;
				GCC_WARN_ABOUT_RETURN_TYPE = YES_ERROR;
				GCC_WARN_UNDECLARED_SELECTOR = YES;
				GCC_WARN_UNINITIALIZED_AUTOS = YES_AGGRESSIVE;
				GCC_WARN_UNUSED_FUNCTION = YES;
				GCC_WARN_UNUSED_VARIABLE = YES;
				IPHONEOS_DEPLOYMENT_TARGET = 9.2;
				MTL_ENABLE_DEBUG_INFO = YES;
				ONLY_ACTIVE_ARCH = YES;
				PRODUCT_MODULE_NAME = WaniKit;
				SDKROOT = iphoneos;
				SWIFT_OPTIMIZATION_LEVEL = "-Onone";
				TARGETED_DEVICE_FAMILY = "1,2";
				VERSIONING_SYSTEM = "apple-generic";
				VERSION_INFO_PREFIX = "";
			};
			name = Debug;
		};
		43ABC3C71C92C03500FC2AE7 /* Release */ = {
			isa = XCBuildConfiguration;
			buildSettings = {
				ALWAYS_SEARCH_USER_PATHS = NO;
				CLANG_CXX_LANGUAGE_STANDARD = "gnu++0x";
				CLANG_CXX_LIBRARY = "libc++";
				CLANG_ENABLE_MODULES = YES;
				CLANG_ENABLE_OBJC_ARC = YES;
				CLANG_WARN_BOOL_CONVERSION = YES;
				CLANG_WARN_CONSTANT_CONVERSION = YES;
				CLANG_WARN_DIRECT_OBJC_ISA_USAGE = YES_ERROR;
				CLANG_WARN_EMPTY_BODY = YES;
				CLANG_WARN_ENUM_CONVERSION = YES;
				CLANG_WARN_INT_CONVERSION = YES;
				CLANG_WARN_OBJC_ROOT_CLASS = YES_ERROR;
				CLANG_WARN_UNREACHABLE_CODE = YES;
				CLANG_WARN__DUPLICATE_METHOD_MATCH = YES;
				"CODE_SIGN_IDENTITY[sdk=iphoneos*]" = "iPhone Developer";
				COPY_PHASE_STRIP = NO;
				CURRENT_PROJECT_VERSION = 1;
				DEBUG_INFORMATION_FORMAT = "dwarf-with-dsym";
				ENABLE_NS_ASSERTIONS = NO;
				ENABLE_STRICT_OBJC_MSGSEND = YES;
				GCC_C_LANGUAGE_STANDARD = gnu99;
				GCC_NO_COMMON_BLOCKS = YES;
				GCC_WARN_64_TO_32_BIT_CONVERSION = YES;
				GCC_WARN_ABOUT_RETURN_TYPE = YES_ERROR;
				GCC_WARN_UNDECLARED_SELECTOR = YES;
				GCC_WARN_UNINITIALIZED_AUTOS = YES_AGGRESSIVE;
				GCC_WARN_UNUSED_FUNCTION = YES;
				GCC_WARN_UNUSED_VARIABLE = YES;
				IPHONEOS_DEPLOYMENT_TARGET = 9.2;
				MTL_ENABLE_DEBUG_INFO = NO;
				PRODUCT_MODULE_NAME = WaniKit;
				SDKROOT = iphoneos;
				TARGETED_DEVICE_FAMILY = "1,2";
				VALIDATE_PRODUCT = YES;
				VERSIONING_SYSTEM = "apple-generic";
				VERSION_INFO_PREFIX = "";
			};
			name = Release;
		};
		43ABC3C91C92C03500FC2AE7 /* Debug */ = {
			isa = XCBuildConfiguration;
			buildSettings = {
				DEFINES_MODULE = YES;
				DYLIB_COMPATIBILITY_VERSION = 1;
				DYLIB_CURRENT_VERSION = 1;
				DYLIB_INSTALL_NAME_BASE = "@rpath";
				INFOPLIST_FILE = Sources/WaniKit/Info.plist;
				INSTALL_PATH = "$(LOCAL_LIBRARY_DIR)/Frameworks";
				IPHONEOS_DEPLOYMENT_TARGET = 8.0;
				LD_RUNPATH_SEARCH_PATHS = "$(inherited) @executable_path/Frameworks @loader_path/Frameworks";
				PRODUCT_BUNDLE_IDENTIFIER = "com.haawa.WaniKani.WaniKit-iOS";
				PRODUCT_MODULE_NAME = WaniKit;
				PRODUCT_NAME = WaniKit;
				SKIP_INSTALL = YES;
			};
			name = Debug;
		};
		43ABC3CA1C92C03500FC2AE7 /* Release */ = {
			isa = XCBuildConfiguration;
			buildSettings = {
				DEFINES_MODULE = YES;
				DYLIB_COMPATIBILITY_VERSION = 1;
				DYLIB_CURRENT_VERSION = 1;
				DYLIB_INSTALL_NAME_BASE = "@rpath";
				INFOPLIST_FILE = Sources/WaniKit/Info.plist;
				INSTALL_PATH = "$(LOCAL_LIBRARY_DIR)/Frameworks";
				IPHONEOS_DEPLOYMENT_TARGET = 8.0;
				LD_RUNPATH_SEARCH_PATHS = "$(inherited) @executable_path/Frameworks @loader_path/Frameworks";
				PRODUCT_BUNDLE_IDENTIFIER = "com.haawa.WaniKani.WaniKit-iOS";
				PRODUCT_MODULE_NAME = WaniKit;
				PRODUCT_NAME = WaniKit;
				SKIP_INSTALL = YES;
			};
			name = Release;
		};
		43ABC3CC1C92C03500FC2AE7 /* Debug */ = {
			isa = XCBuildConfiguration;
			buildSettings = {
				FRAMEWORK_SEARCH_PATHS = "$(inherited) ";
				INFOPLIST_FILE = WaniKitTests/Info.plist;
				LD_RUNPATH_SEARCH_PATHS = "$(inherited) @executable_path/Frameworks @loader_path/Frameworks";
				PRODUCT_BUNDLE_IDENTIFIER = com.haawa.WaniKani.WaniKitTests;
				PRODUCT_MODULE_NAME = WaniKitTests;
				PRODUCT_NAME = "$(TARGET_NAME)";
			};
			name = Debug;
		};
		43ABC3CD1C92C03500FC2AE7 /* Release */ = {
			isa = XCBuildConfiguration;
			buildSettings = {
				FRAMEWORK_SEARCH_PATHS = "$(inherited) ";
				INFOPLIST_FILE = WaniKitTests/Info.plist;
				LD_RUNPATH_SEARCH_PATHS = "$(inherited) @executable_path/Frameworks @loader_path/Frameworks";
				PRODUCT_BUNDLE_IDENTIFIER = com.haawa.WaniKani.WaniKitTests;
				PRODUCT_MODULE_NAME = WaniKitTests;
				PRODUCT_NAME = "$(TARGET_NAME)";
			};
			name = Release;
		};
		43DAE27D1C9592D800F090C4 /* Debug */ = {
			isa = XCBuildConfiguration;
			buildSettings = {
				CODE_SIGN_IDENTITY = "-";
				COMBINE_HIDPI_IMAGES = YES;
				DEFINES_MODULE = YES;
				DYLIB_COMPATIBILITY_VERSION = 1;
				DYLIB_CURRENT_VERSION = 1;
				DYLIB_INSTALL_NAME_BASE = "@rpath";
				FRAMEWORK_VERSION = A;
				INFOPLIST_FILE = "WaniKit-OSX/Info.plist";
				INSTALL_PATH = "$(LOCAL_LIBRARY_DIR)/Frameworks";
				LD_RUNPATH_SEARCH_PATHS = "$(inherited) @executable_path/../Frameworks @loader_path/Frameworks";
				MACOSX_DEPLOYMENT_TARGET = 10.11;
				PRODUCT_BUNDLE_IDENTIFIER = "com.haawa.WaniKani.WaniKit-OSX";
				PRODUCT_NAME = WaniKit;
				SDKROOT = macosx;
				SKIP_INSTALL = YES;
			};
			name = Debug;
		};
		43DAE27E1C9592D800F090C4 /* Release */ = {
			isa = XCBuildConfiguration;
			buildSettings = {
				CODE_SIGN_IDENTITY = "-";
				COMBINE_HIDPI_IMAGES = YES;
				DEFINES_MODULE = YES;
				DYLIB_COMPATIBILITY_VERSION = 1;
				DYLIB_CURRENT_VERSION = 1;
				DYLIB_INSTALL_NAME_BASE = "@rpath";
				FRAMEWORK_VERSION = A;
				INFOPLIST_FILE = "WaniKit-OSX/Info.plist";
				INSTALL_PATH = "$(LOCAL_LIBRARY_DIR)/Frameworks";
				LD_RUNPATH_SEARCH_PATHS = "$(inherited) @executable_path/../Frameworks @loader_path/Frameworks";
				MACOSX_DEPLOYMENT_TARGET = 10.11;
				PRODUCT_BUNDLE_IDENTIFIER = "com.haawa.WaniKani.WaniKit-OSX";
				PRODUCT_NAME = WaniKit;
				SDKROOT = macosx;
				SKIP_INSTALL = YES;
			};
			name = Release;
		};
		43DAE2801C9592D800F090C4 /* Debug */ = {
			isa = XCBuildConfiguration;
			buildSettings = {
				CLANG_ENABLE_MODULES = YES;
				CODE_SIGN_IDENTITY = "-";
				COMBINE_HIDPI_IMAGES = YES;
				INFOPLIST_FILE = "WaniKit-OSXTests/Info.plist";
				LD_RUNPATH_SEARCH_PATHS = "$(inherited) @executable_path/../Frameworks @loader_path/../Frameworks";
				MACOSX_DEPLOYMENT_TARGET = 10.11;
				PRODUCT_BUNDLE_IDENTIFIER = "com.haawa.WaniKani.WaniKit-OSXTests";
				PRODUCT_MODULE_NAME = WaniKitOSXTests;
				PRODUCT_NAME = WaniKitOSXTests;
				SDKROOT = macosx;
				SWIFT_OPTIMIZATION_LEVEL = "-Onone";
			};
			name = Debug;
		};
		43DAE2811C9592D800F090C4 /* Release */ = {
			isa = XCBuildConfiguration;
			buildSettings = {
				CLANG_ENABLE_MODULES = YES;
				CODE_SIGN_IDENTITY = "-";
				COMBINE_HIDPI_IMAGES = YES;
				INFOPLIST_FILE = "WaniKit-OSXTests/Info.plist";
				LD_RUNPATH_SEARCH_PATHS = "$(inherited) @executable_path/../Frameworks @loader_path/../Frameworks";
				MACOSX_DEPLOYMENT_TARGET = 10.11;
				PRODUCT_BUNDLE_IDENTIFIER = "com.haawa.WaniKani.WaniKit-OSXTests";
				PRODUCT_MODULE_NAME = WaniKitOSXTests;
				PRODUCT_NAME = WaniKitOSXTests;
				SDKROOT = macosx;
			};
			name = Release;
		};
/* End XCBuildConfiguration section */

/* Begin XCConfigurationList section */
		43ABC3AE1C92C03400FC2AE7 /* Build configuration list for PBXProject "WaniKit" */ = {
			isa = XCConfigurationList;
			buildConfigurations = (
				43ABC3C61C92C03500FC2AE7 /* Debug */,
				43ABC3C71C92C03500FC2AE7 /* Release */,
			);
			defaultConfigurationIsVisible = 0;
			defaultConfigurationName = Release;
		};
		43ABC3C81C92C03500FC2AE7 /* Build configuration list for PBXNativeTarget "WaniKit-iOS" */ = {
			isa = XCConfigurationList;
			buildConfigurations = (
				43ABC3C91C92C03500FC2AE7 /* Debug */,
				43ABC3CA1C92C03500FC2AE7 /* Release */,
			);
			defaultConfigurationIsVisible = 0;
			defaultConfigurationName = Release;
		};
		43ABC3CB1C92C03500FC2AE7 /* Build configuration list for PBXNativeTarget "WaniKitTests" */ = {
			isa = XCConfigurationList;
			buildConfigurations = (
				43ABC3CC1C92C03500FC2AE7 /* Debug */,
				43ABC3CD1C92C03500FC2AE7 /* Release */,
			);
			defaultConfigurationIsVisible = 0;
			defaultConfigurationName = Release;
		};
		43DAE27C1C9592D800F090C4 /* Build configuration list for PBXNativeTarget "WaniKit-OSX" */ = {
			isa = XCConfigurationList;
			buildConfigurations = (
				43DAE27D1C9592D800F090C4 /* Debug */,
				43DAE27E1C9592D800F090C4 /* Release */,
			);
			defaultConfigurationIsVisible = 0;
			defaultConfigurationName = Release;
		};
		43DAE27F1C9592D800F090C4 /* Build configuration list for PBXNativeTarget "WaniKit-OSXTests" */ = {
			isa = XCConfigurationList;
			buildConfigurations = (
				43DAE2801C9592D800F090C4 /* Debug */,
				43DAE2811C9592D800F090C4 /* Release */,
			);
			defaultConfigurationIsVisible = 0;
			defaultConfigurationName = Release;
		};
/* End XCConfigurationList section */
	};
	rootObject = 43ABC3AB1C92C03400FC2AE7 /* Project object */;
}
